// !$*UTF8*$!
{
	archiveVersion = 1;
	classes = {
	};
	objectVersion = 77;
	objects = {

/* Begin PBXBuildFile section */
		29ECF7A92E1B5511007678F2 /* PRIVACY_SECURITY.md in Resources */ = {isa = PBXBuildFile; fileRef = 29ECF7842E1B5511007678F2 /* PRIVACY_SECURITY.md */; };
		29ECF7AA2E1B5511007678F2 /* SoundboardCategories.plist in Resources */ = {isa = PBXBuildFile; fileRef = 29ECF7852E1B5511007678F2 /* SoundboardCategories.plist */; };
		29ECF7AB2E1B5511007678F2 /* Localizable.strings in Resources */ = {isa = PBXBuildFile; fileRef = 29ECF7832E1B5511007678F2 /* Localizable.strings */; };
		29ECF7AE2E1B5511007678F2 /* CallRequestOptions.plist in Resources */ = {isa = PBXBuildFile; fileRef = 29ECF7822E1B5511007678F2 /* CallRequestOptions.plist */; };
/* End PBXBuildFile section */

/* Begin PBXContainerItemProxy section */
		29ECF7632E1B3F5B007678F2 /* PBXContainerItemProxy */ = {
			isa = PBXContainerItemProxy;
			containerPortal = 29ECF74D2E1B3F5A007678F2 /* Project object */;
			proxyType = 1;
			remoteGlobalIDString = 29ECF7542E1B3F5A007678F2;
			remoteInfo = iControlBell;
		};
		29ECF76D2E1B3F5B007678F2 /* PBXContainerItemProxy */ = {
			isa = PBXContainerItemProxy;
			containerPortal = 29ECF74D2E1B3F5A007678F2 /* Project object */;
			proxyType = 1;
			remoteGlobalIDString = 29ECF7542E1B3F5A007678F2;
			remoteInfo = iControlBell;
		};
/* End PBXContainerItemProxy section */

/* Begin PBXFileReference section */
		29ECF7552E1B3F5A007678F2 /* iControlBell.app */ = {isa = PBXFileReference; explicitFileType = wrapper.application; includeInIndex = 0; path = iControlBell.app; sourceTree = BUILT_PRODUCTS_DIR; };
		29ECF7622E1B3F5B007678F2 /* iControlBellTests.xctest */ = {isa = PBXFileReference; explicitFileType = wrapper.cfbundle; includeInIndex = 0; path = iControlBellTests.xctest; sourceTree = BUILT_PRODUCTS_DIR; };
		29ECF76C2E1B3F5B007678F2 /* iControlBellUITests.xctest */ = {isa = PBXFileReference; explicitFileType = wrapper.cfbundle; includeInIndex = 0; path = iControlBellUITests.xctest; sourceTree = BUILT_PRODUCTS_DIR; };
		29ECF7802E1B5511007678F2 /* Assets.xcassets */ = {isa = PBXFileReference; lastKnownFileType = folder.assetcatalog; path = Assets.xcassets; sourceTree = "<group>"; };
		29ECF7812E1B5511007678F2 /* Info.plist */ = {isa = PBXFileReference; lastKnownFileType = text.plist.xml; path = Info.plist; sourceTree = "<group>"; };
		29ECF7822E1B5511007678F2 /* CallRequestOptions.plist */ = {isa = PBXFileReference; lastKnownFileType = text.plist.xml; path = CallRequestOptions.plist; sourceTree = "<group>"; };
		29ECF7832E1B5511007678F2 /* Localizable.strings */ = {isa = PBXFileReference; lastKnownFileType = text.plist.strings; path = Localizable.strings; sourceTree = "<group>"; };
		29ECF7842E1B5511007678F2 /* PRIVACY_SECURITY.md */ = {isa = PBXFileReference; lastKnownFileType = net.daringfireball.markdown; path = PRIVACY_SECURITY.md; sourceTree = "<group>"; };
		29ECF7852E1B5511007678F2 /* SoundboardCategories.plist */ = {isa = PBXFileReference; lastKnownFileType = text.plist.xml; path = SoundboardCategories.plist; sourceTree = "<group>"; };
		29ECF7AF2E1B5585007678F2 /* iControlbell.entitlements */ = {isa = PBXFileReference; lastKnownFileType = text.plist.entitlements; path = iControlbell.entitlements; sourceTree = "<group>"; };
/* End PBXFileReference section */

/* Begin PBXFileSystemSynchronizedBuildFileExceptionSet section */
		2930EB1D2E1E620D00BE3DF5 /* Exceptions for "src" folder in "iControlBell" target */ = {
			isa = PBXFileSystemSynchronizedBuildFileExceptionSet;
			membershipExceptions = (
				connectivity/NetworkService.swift,
				connectivity/RaulandAPIManager.swift,
				models/CallRequestOption.swift,
				models/Language.swift,
				models/RaulandModels.swift,
				models/SoundboardCategory.swift,
				state/AppState.swift,
				utils/AccessibilityUtils.swift,
				utils/AuditLogManager.swift,
				utils/CallRequestQueueManager.swift,
				utils/DeviceUtils.swift,
				utils/ErrorHandler.swift,
				utils/KeychainHelper.swift,
				utils/PlistLoader.swift,
				utils/SoundManager.swift,
				utils/StringExtensions.swift,
				views/BluetoothStatusView.swift,
				views/CallRequestGridView.swift,
				views/ConfirmationBanner.swift,
				views/ContentView.swift,
				views/LanguageSelectorView.swift,
				views/LogoView.swift,
				views/SoundboardView.swift,
				views/ToastView.swift,
			);
			target = 29ECF7542E1B3F5A007678F2 /* iControlBell */;
		};
		2930EB1E2E1E623400BE3DF5 /* Exceptions for "src" folder in "iControlBellTests" target */ = {
			isa = PBXFileSystemSynchronizedBuildFileExceptionSet;
			membershipExceptions = (
				iControlBellTests.swift,
			);
			target = 29ECF7612E1B3F5B007678F2 /* iControlBellTests */;
		};
/* End PBXFileSystemSynchronizedBuildFileExceptionSet section */

/* Begin PBXFileSystemSynchronizedRootGroup section */
		2930EB1C2E1E61E700BE3DF5 /* src */ = {
			isa = PBXFileSystemSynchronizedRootGroup;
			exceptions = (
				2930EB1D2E1E620D00BE3DF5 /* Exceptions for "src" folder in "iControlBell" target */,
				2930EB1E2E1E623400BE3DF5 /* Exceptions for "src" folder in "iControlBellTests" target */,
			);
			path = src;
			sourceTree = "<group>";
		};
		29ECF7572E1B3F5A007678F2 /* iControlBell */ = {
			isa = PBXFileSystemSynchronizedRootGroup;
			path = iControlBell;
			sourceTree = "<group>";
		};
		29ECF7652E1B3F5B007678F2 /* iControlBellTests */ = {
			isa = PBXFileSystemSynchronizedRootGroup;
			path = iControlBellTests;
			sourceTree = "<group>";
		};
		29ECF76F2E1B3F5B007678F2 /* iControlBellUITests */ = {
			isa = PBXFileSystemSynchronizedRootGroup;
			path = iControlBellUITests;
			sourceTree = "<group>";
		};
/* End PBXFileSystemSynchronizedRootGroup section */

/* Begin PBXFrameworksBuildPhase section */
		29ECF7522E1B3F5A007678F2 /* Frameworks */ = {
			isa = PBXFrameworksBuildPhase;
			buildActionMask = 2147483647;
			files = (
			);
			runOnlyForDeploymentPostprocessing = 0;
		};
		29ECF75F2E1B3F5B007678F2 /* Frameworks */ = {
			isa = PBXFrameworksBuildPhase;
			buildActionMask = 2147483647;
			files = (
			);
			runOnlyForDeploymentPostprocessing = 0;
		};
		29ECF7692E1B3F5B007678F2 /* Frameworks */ = {
			isa = PBXFrameworksBuildPhase;
			buildActionMask = 2147483647;
			files = (
			);
			runOnlyForDeploymentPostprocessing = 0;
		};
/* End PBXFrameworksBuildPhase section */

/* Begin PBXGroup section */
		29ECF74C2E1B3F5A007678F2 = {
			isa = PBXGroup;
			children = (
				29ECF7802E1B5511007678F2 /* Assets.xcassets */,
				29ECF7812E1B5511007678F2 /* Info.plist */,
				29ECF7862E1B5511007678F2 /* Resources */,
				29ECF7572E1B3F5A007678F2 /* iControlBell */,
				29ECF7652E1B3F5B007678F2 /* iControlBellTests */,
				29ECF76F2E1B3F5B007678F2 /* iControlBellUITests */,
				29ECF7562E1B3F5A007678F2 /* Products */,
				29ECF7AF2E1B5585007678F2 /* iControlbell.entitlements */,
			);
			sourceTree = "<group>";
		};
		29ECF7562E1B3F5A007678F2 /* Products */ = {
			isa = PBXGroup;
			children = (
				29ECF7552E1B3F5A007678F2 /* iControlBell.app */,
				29ECF7622E1B3F5B007678F2 /* iControlBellTests.xctest */,
				29ECF76C2E1B3F5B007678F2 /* iControlBellUITests.xctest */,
			);
			name = Products;
			sourceTree = "<group>";
		};
		29ECF7862E1B5511007678F2 /* Resources */ = {
			isa = PBXGroup;
			children = (
				29ECF7822E1B5511007678F2 /* CallRequestOptions.plist */,
				29ECF7832E1B5511007678F2 /* Localizable.strings */,
				29ECF7842E1B5511007678F2 /* PRIVACY_SECURITY.md */,
				29ECF7852E1B5511007678F2 /* SoundboardCategories.plist */,
				2930EB1C2E1E61E700BE3DF5 /* src */,
			);
			path = Resources;
			sourceTree = "<group>";
		};
/* End PBXGroup section */

/* Begin PBXNativeTarget section */
		29ECF7542E1B3F5A007678F2 /* iControlBell */ = {
			isa = PBXNativeTarget;
			buildConfigurationList = 29ECF7762E1B3F5B007678F2 /* Build configuration list for PBXNativeTarget "iControlBell" */;
			buildPhases = (
				29ECF7512E1B3F5A007678F2 /* Sources */,
				29ECF7522E1B3F5A007678F2 /* Frameworks */,
				29ECF7532E1B3F5A007678F2 /* Resources */,
			);
			buildRules = (
			);
			dependencies = (
			);
			fileSystemSynchronizedGroups = (
				29ECF7572E1B3F5A007678F2 /* iControlBell */,
			);
			name = iControlBell;
			packageProductDependencies = (
			);
			productName = iControlBell;
			productReference = 29ECF7552E1B3F5A007678F2 /* iControlBell.app */;
			productType = "com.apple.product-type.application";
		};
		29ECF7612E1B3F5B007678F2 /* iControlBellTests */ = {
			isa = PBXNativeTarget;
			buildConfigurationList = 29ECF7792E1B3F5B007678F2 /* Build configuration list for PBXNativeTarget "iControlBellTests" */;
			buildPhases = (
				29ECF75E2E1B3F5B007678F2 /* Sources */,
				29ECF75F2E1B3F5B007678F2 /* Frameworks */,
				29ECF7602E1B3F5B007678F2 /* Resources */,
			);
			buildRules = (
			);
			dependencies = (
				29ECF7642E1B3F5B007678F2 /* PBXTargetDependency */,
			);
			fileSystemSynchronizedGroups = (
				29ECF7652E1B3F5B007678F2 /* iControlBellTests */,
			);
			name = iControlBellTests;
			packageProductDependencies = (
			);
			productName = iControlBellTests;
			productReference = 29ECF7622E1B3F5B007678F2 /* iControlBellTests.xctest */;
			productType = "com.apple.product-type.bundle.unit-test";
		};
		29ECF76B2E1B3F5B007678F2 /* iControlBellUITests */ = {
			isa = PBXNativeTarget;
			buildConfigurationList = 29ECF77C2E1B3F5B007678F2 /* Build configuration list for PBXNativeTarget "iControlBellUITests" */;
			buildPhases = (
				29ECF7682E1B3F5B007678F2 /* Sources */,
				29ECF7692E1B3F5B007678F2 /* Frameworks */,
				29ECF76A2E1B3F5B007678F2 /* Resources */,
			);
			buildRules = (
			);
			dependencies = (
				29ECF76E2E1B3F5B007678F2 /* PBXTargetDependency */,
			);
			fileSystemSynchronizedGroups = (
				29ECF76F2E1B3F5B007678F2 /* iControlBellUITests */,
			);
			name = iControlBellUITests;
			packageProductDependencies = (
			);
			productName = iControlBellUITests;
			productReference = 29ECF76C2E1B3F5B007678F2 /* iControlBellUITests.xctest */;
			productType = "com.apple.product-type.bundle.ui-testing";
		};
/* End PBXNativeTarget section */

/* Begin PBXProject section */
		29ECF74D2E1B3F5A007678F2 /* Project object */ = {
			isa = PBXProject;
			attributes = {
				BuildIndependentTargetsInParallel = 1;
				LastSwiftUpdateCheck = 1640;
				LastUpgradeCheck = 1640;
				TargetAttributes = {
					29ECF7542E1B3F5A007678F2 = {
						CreatedOnToolsVersion = 16.4;
					};
					29ECF7612E1B3F5B007678F2 = {
						CreatedOnToolsVersion = 16.4;
						TestTargetID = 29ECF7542E1B3F5A007678F2;
					};
					29ECF76B2E1B3F5B007678F2 = {
						CreatedOnToolsVersion = 16.4;
						TestTargetID = 29ECF7542E1B3F5A007678F2;
					};
				};
			};
			buildConfigurationList = 29ECF7502E1B3F5A007678F2 /* Build configuration list for PBXProject "iControlBell" */;
			developmentRegion = en;
			hasScannedForEncodings = 0;
			knownRegions = (
				en,
				Base,
			);
			mainGroup = 29ECF74C2E1B3F5A007678F2;
			minimizedProjectReferenceProxies = 1;
			preferredProjectObjectVersion = 77;
			productRefGroup = 29ECF7562E1B3F5A007678F2 /* Products */;
			projectDirPath = "";
			projectRoot = "";
			targets = (
				29ECF7542E1B3F5A007678F2 /* iControlBell */,
				29ECF7612E1B3F5B007678F2 /* iControlBellTests */,
				29ECF76B2E1B3F5B007678F2 /* iControlBellUITests */,
			);
		};
/* End PBXProject section */

/* Begin PBXResourcesBuildPhase section */
		29ECF7532E1B3F5A007678F2 /* Resources */ = {
			isa = PBXResourcesBuildPhase;
			buildActionMask = 2147483647;
			files = (
				29ECF7A92E1B5511007678F2 /* PRIVACY_SECURITY.md in Resources */,
				29ECF7AA2E1B5511007678F2 /* SoundboardCategories.plist in Resources */,
				29ECF7AB2E1B5511007678F2 /* Localizable.strings in Resources */,
				29ECF7AE2E1B5511007678F2 /* CallRequestOptions.plist in Resources */,
			);
			runOnlyForDeploymentPostprocessing = 0;
		};
		29ECF7602E1B3F5B007678F2 /* Resources */ = {
			isa = PBXResourcesBuildPhase;
			buildActionMask = 2147483647;
			files = (
			);
			runOnlyForDeploymentPostprocessing = 0;
		};
		29ECF76A2E1B3F5B007678F2 /* Resources */ = {
			isa = PBXResourcesBuildPhase;
			buildActionMask = 2147483647;
			files = (
			);
			runOnlyForDeploymentPostprocessing = 0;
		};
/* End PBXResourcesBuildPhase section */

/* Begin PBXSourcesBuildPhase section */
		29ECF7512E1B3F5A007678F2 /* Sources */ = {
			isa = PBXSourcesBuildPhase;
			buildActionMask = 2147483647;
			files = (
			);
			runOnlyForDeploymentPostprocessing = 0;
		};
		29ECF75E2E1B3F5B007678F2 /* Sources */ = {
			isa = PBXSourcesBuildPhase;
			buildActionMask = 2147483647;
			files = (
			);
			runOnlyForDeploymentPostprocessing = 0;
		};
		29ECF7682E1B3F5B007678F2 /* Sources */ = {
			isa = PBXSourcesBuildPhase;
			buildActionMask = 2147483647;
			files = (
			);
			runOnlyForDeploymentPostprocessing = 0;
		};
/* End PBXSourcesBuildPhase section */

/* Begin PBXTargetDependency section */
		29ECF7642E1B3F5B007678F2 /* PBXTargetDependency */ = {
			isa = PBXTargetDependency;
			target = 29ECF7542E1B3F5A007678F2 /* iControlBell */;
			targetProxy = 29ECF7632E1B3F5B007678F2 /* PBXContainerItemProxy */;
		};
		29ECF76E2E1B3F5B007678F2 /* PBXTargetDependency */ = {
			isa = PBXTargetDependency;
			target = 29ECF7542E1B3F5A007678F2 /* iControlBell */;
			targetProxy = 29ECF76D2E1B3F5B007678F2 /* PBXContainerItemProxy */;
		};
/* End PBXTargetDependency section */

/* Begin XCBuildConfiguration section */
		29ECF7742E1B3F5B007678F2 /* Debug */ = {
			isa = XCBuildConfiguration;
			buildSettings = {
				ALWAYS_SEARCH_USER_PATHS = NO;
				ASSETCATALOG_COMPILER_GENERATE_SWIFT_ASSET_SYMBOL_EXTENSIONS = YES;
				CLANG_ANALYZER_NONNULL = YES;
				CLANG_ANALYZER_NUMBER_OBJECT_CONVERSION = YES_AGGRESSIVE;
				CLANG_CXX_LANGUAGE_STANDARD = "gnu++20";
				CLANG_ENABLE_MODULES = YES;
				CLANG_ENABLE_OBJC_ARC = YES;
				CLANG_ENABLE_OBJC_WEAK = YES;
				CLANG_WARN_BLOCK_CAPTURE_AUTORELEASING = YES;
				CLANG_WARN_BOOL_CONVERSION = YES;
				CLANG_WARN_COMMA = YES;
				CLANG_WARN_CONSTANT_CONVERSION = YES;
				CLANG_WARN_DEPRECATED_OBJC_IMPLEMENTATIONS = YES;
				CLANG_WARN_DIRECT_OBJC_ISA_USAGE = YES_ERROR;
				CLANG_WARN_DOCUMENTATION_COMMENTS = YES;
				CLANG_WARN_EMPTY_BODY = YES;
				CLANG_WARN_ENUM_CONVERSION = YES;
				CLANG_WARN_INFINITE_RECURSION = YES;
				CLANG_WARN_INT_CONVERSION = YES;
				CLANG_WARN_NON_LITERAL_NULL_CONVERSION = YES;
				CLANG_WARN_OBJC_IMPLICIT_RETAIN_SELF = YES;
				CLANG_WARN_OBJC_LITERAL_CONVERSION = YES;
				CLANG_WARN_OBJC_ROOT_CLASS = YES_ERROR;
				CLANG_WARN_QUOTED_INCLUDE_IN_FRAMEWORK_HEADER = YES;
				CLANG_WARN_RANGE_LOOP_ANALYSIS = YES;
				CLANG_WARN_STRICT_PROTOTYPES = YES;
				CLANG_WARN_SUSPICIOUS_MOVE = YES;
				CLANG_WARN_UNGUARDED_AVAILABILITY = YES_AGGRESSIVE;
				CLANG_WARN_UNREACHABLE_CODE = YES;
				CLANG_WARN__DUPLICATE_METHOD_MATCH = YES;
				COPY_PHASE_STRIP = NO;
				DEBUG_INFORMATION_FORMAT = dwarf;
				DEVELOPMENT_TEAM = J7RK9VBR28;
				ENABLE_STRICT_OBJC_MSGSEND = YES;
				ENABLE_TESTABILITY = YES;
				ENABLE_USER_SCRIPT_SANDBOXING = YES;
				GCC_C_LANGUAGE_STANDARD = gnu17;
				GCC_DYNAMIC_NO_PIC = NO;
				GCC_NO_COMMON_BLOCKS = YES;
				GCC_OPTIMIZATION_LEVEL = 0;
				GCC_PREPROCESSOR_DEFINITIONS = (
					"DEBUG=1",
					"$(inherited)",
				);
				GCC_WARN_64_TO_32_BIT_CONVERSION = YES;
				GCC_WARN_ABOUT_RETURN_TYPE = YES_ERROR;
				GCC_WARN_UNDECLARED_SELECTOR = YES;
				GCC_WARN_UNINITIALIZED_AUTOS = YES_AGGRESSIVE;
				GCC_WARN_UNUSED_FUNCTION = YES;
				GCC_WARN_UNUSED_VARIABLE = YES;
				IPHONEOS_DEPLOYMENT_TARGET = 15.0;
				LOCALIZATION_PREFERS_STRING_CATALOGS = YES;
				MTL_ENABLE_DEBUG_INFO = INCLUDE_SOURCE;
				MTL_FAST_MATH = YES;
				ONLY_ACTIVE_ARCH = YES;
				SDKROOT = iphoneos;
				SWIFT_ACTIVE_COMPILATION_CONDITIONS = "DEBUG $(inherited)";
				SWIFT_OPTIMIZATION_LEVEL = "-Onone";
			};
			name = Debug;
		};
		29ECF7752E1B3F5B007678F2 /* Release */ = {
			isa = XCBuildConfiguration;
			buildSettings = {
				ALWAYS_SEARCH_USER_PATHS = NO;
				ASSETCATALOG_COMPILER_GENERATE_SWIFT_ASSET_SYMBOL_EXTENSIONS = YES;
				CLANG_ANALYZER_NONNULL = YES;
				CLANG_ANALYZER_NUMBER_OBJECT_CONVERSION = YES_AGGRESSIVE;
				CLANG_CXX_LANGUAGE_STANDARD = "gnu++20";
				CLANG_ENABLE_MODULES = YES;
				CLANG_ENABLE_OBJC_ARC = YES;
				CLANG_ENABLE_OBJC_WEAK = YES;
				CLANG_WARN_BLOCK_CAPTURE_AUTORELEASING = YES;
				CLANG_WARN_BOOL_CONVERSION = YES;
				CLANG_WARN_COMMA = YES;
				CLANG_WARN_CONSTANT_CONVERSION = YES;
				CLANG_WARN_DEPRECATED_OBJC_IMPLEMENTATIONS = YES;
				CLANG_WARN_DIRECT_OBJC_ISA_USAGE = YES_ERROR;
				CLANG_WARN_DOCUMENTATION_COMMENTS = YES;
				CLANG_WARN_EMPTY_BODY = YES;
				CLANG_WARN_ENUM_CONVERSION = YES;
				CLANG_WARN_INFINITE_RECURSION = YES;
				CLANG_WARN_INT_CONVERSION = YES;
				CLANG_WARN_NON_LITERAL_NULL_CONVERSION = YES;
				CLANG_WARN_OBJC_IMPLICIT_RETAIN_SELF = YES;
				CLANG_WARN_OBJC_LITERAL_CONVERSION = YES;
				CLANG_WARN_OBJC_ROOT_CLASS = YES_ERROR;
				CLANG_WARN_QUOTED_INCLUDE_IN_FRAMEWORK_HEADER = YES;
				CLANG_WARN_RANGE_LOOP_ANALYSIS = YES;
				CLANG_WARN_STRICT_PROTOTYPES = YES;
				CLANG_WARN_SUSPICIOUS_MOVE = YES;
				CLANG_WARN_UNGUARDED_AVAILABILITY = YES_AGGRESSIVE;
				CLANG_WARN_UNREACHABLE_CODE = YES;
				CLANG_WARN__DUPLICATE_METHOD_MATCH = YES;
				COPY_PHASE_STRIP = NO;
				DEBUG_INFORMATION_FORMAT = "dwarf-with-dsym";
				DEVELOPMENT_TEAM = J7RK9VBR28;
				ENABLE_NS_ASSERTIONS = NO;
				ENABLE_STRICT_OBJC_MSGSEND = YES;
				ENABLE_USER_SCRIPT_SANDBOXING = YES;
				GCC_C_LANGUAGE_STANDARD = gnu17;
				GCC_NO_COMMON_BLOCKS = YES;
				GCC_WARN_64_TO_32_BIT_CONVERSION = YES;
				GCC_WARN_ABOUT_RETURN_TYPE = YES_ERROR;
				GCC_WARN_UNDECLARED_SELECTOR = YES;
				GCC_WARN_UNINITIALIZED_AUTOS = YES_AGGRESSIVE;
				GCC_WARN_UNUSED_FUNCTION = YES;
				GCC_WARN_UNUSED_VARIABLE = YES;
				IPHONEOS_DEPLOYMENT_TARGET = 15.0;
				LOCALIZATION_PREFERS_STRING_CATALOGS = YES;
				MTL_ENABLE_DEBUG_INFO = NO;
				MTL_FAST_MATH = YES;
				SDKROOT = iphoneos;
				SWIFT_COMPILATION_MODE = wholemodule;
				VALIDATE_PRODUCT = YES;
			};
			name = Release;
		};
		29ECF7772E1B3F5B007678F2 /* Debug */ = {
			isa = XCBuildConfiguration;
			buildSettings = {
				ASSETCATALOG_COMPILER_APPICON_NAME = AppIcon;
				ASSETCATALOG_COMPILER_GLOBAL_ACCENT_COLOR_NAME = AccentColor;
				CODE_SIGN_STYLE = Automatic;
				CURRENT_PROJECT_VERSION = 1;
				DEVELOPMENT_TEAM = 5YNWU8G993;
				ENABLE_PREVIEWS = YES;
				GENERATE_INFOPLIST_FILE = YES;
				INFOPLIST_KEY_UIApplicationSceneManifest_Generation = YES;
				INFOPLIST_KEY_UIApplicationSupportsIndirectInputEvents = YES;
				INFOPLIST_KEY_UILaunchScreen_Generation = YES;
				INFOPLIST_KEY_UISupportedInterfaceOrientations_iPad = "UIInterfaceOrientationPortrait UIInterfaceOrientationPortraitUpsideDown UIInterfaceOrientationLandscapeLeft UIInterfaceOrientationLandscapeRight";
				INFOPLIST_KEY_UISupportedInterfaceOrientations_iPhone = "UIInterfaceOrientationPortrait UIInterfaceOrientationLandscapeLeft UIInterfaceOrientationLandscapeRight";
				LD_RUNPATH_SEARCH_PATHS = (
					"$(inherited)",
					"@executable_path/Frameworks",
				);
				MARKETING_VERSION = 1.0;
				PRODUCT_BUNDLE_IDENTIFIER = com.ShaneStone.iControlBell;
				PRODUCT_NAME = "$(TARGET_NAME)";
				SWIFT_EMIT_LOC_STRINGS = YES;
				SWIFT_VERSION = 5.0;
				TARGETED_DEVICE_FAMILY = "1,2";
			};
			name = Debug;
		};
		29ECF7782E1B3F5B007678F2 /* Release */ = {
			isa = XCBuildConfiguration;
			buildSettings = {
				ASSETCATALOG_COMPILER_APPICON_NAME = AppIcon;
				ASSETCATALOG_COMPILER_GLOBAL_ACCENT_COLOR_NAME = AccentColor;
				CODE_SIGN_STYLE = Automatic;
				CURRENT_PROJECT_VERSION = 1;
				DEVELOPMENT_TEAM = 5YNWU8G993;
				ENABLE_PREVIEWS = YES;
				GENERATE_INFOPLIST_FILE = YES;
				INFOPLIST_KEY_UIApplicationSceneManifest_Generation = YES;
				INFOPLIST_KEY_UIApplicationSupportsIndirectInputEvents = YES;
				INFOPLIST_KEY_UILaunchScreen_Generation = YES;
				INFOPLIST_KEY_UISupportedInterfaceOrientations_iPad = "UIInterfaceOrientationPortrait UIInterfaceOrientationPortraitUpsideDown UIInterfaceOrientationLandscapeLeft UIInterfaceOrientationLandscapeRight";
				INFOPLIST_KEY_UISupportedInterfaceOrientations_iPhone = "UIInterfaceOrientationPortrait UIInterfaceOrientationLandscapeLeft UIInterfaceOrientationLandscapeRight";
				LD_RUNPATH_SEARCH_PATHS = (
					"$(inherited)",
					"@executable_path/Frameworks",
				);
				MARKETING_VERSION = 1.0;
				PRODUCT_BUNDLE_IDENTIFIER = com.ShaneStone.iControlBell;
				PRODUCT_NAME = "$(TARGET_NAME)";
				SWIFT_EMIT_LOC_STRINGS = YES;
				SWIFT_VERSION = 5.0;
				TARGETED_DEVICE_FAMILY = "1,2";
			};
			name = Release;
		};
		29ECF77A2E1B3F5B007678F2 /* Debug */ = {
			isa = XCBuildConfiguration;
			buildSettings = {
				BUNDLE_LOADER = "$(TEST_HOST)";
				CODE_SIGN_STYLE = Automatic;
				CURRENT_PROJECT_VERSION = 1;
				DEVELOPMENT_TEAM = J7RK9VBR28;
				GENERATE_INFOPLIST_FILE = YES;
				IPHONEOS_DEPLOYMENT_TARGET = 15.0;
				MARKETING_VERSION = 1.0;
				PRODUCT_BUNDLE_IDENTIFIER = com.iControlBellTests;
				PRODUCT_NAME = "$(TARGET_NAME)";
				SWIFT_EMIT_LOC_STRINGS = NO;
				SWIFT_VERSION = 5.0;
				TARGETED_DEVICE_FAMILY = "1,2";
				TEST_HOST = "$(BUILT_PRODUCTS_DIR)/iControlBell.app/$(BUNDLE_EXECUTABLE_FOLDER_PATH)/iControlBell";
			};
			name = Debug;
		};
		29ECF77B2E1B3F5B007678F2 /* Release */ = {
			isa = XCBuildConfiguration;
			buildSettings = {
				BUNDLE_LOADER = "$(TEST_HOST)";
				CODE_SIGN_STYLE = Automatic;
				CURRENT_PROJECT_VERSION = 1;
				DEVELOPMENT_TEAM = J7RK9VBR28;
				GENERATE_INFOPLIST_FILE = YES;
				IPHONEOS_DEPLOYMENT_TARGET = 15.0;
				MARKETING_VERSION = 1.0;
				PRODUCT_BUNDLE_IDENTIFIER = com.iControlBellTests;
				PRODUCT_NAME = "$(TARGET_NAME)";
				SWIFT_EMIT_LOC_STRINGS = NO;
				SWIFT_VERSION = 5.0;
				TARGETED_DEVICE_FAMILY = "1,2";
				TEST_HOST = "$(BUILT_PRODUCTS_DIR)/iControlBell.app/$(BUNDLE_EXECUTABLE_FOLDER_PATH)/iControlBell";
			};
			name = Release;
		};
		29ECF77D2E1B3F5B007678F2 /* Debug */ = {
			isa = XCBuildConfiguration;
			buildSettings = {
				CODE_SIGN_STYLE = Automatic;
				CURRENT_PROJECT_VERSION = 1;
				DEVELOPMENT_TEAM = J7RK9VBR28;
				GENERATE_INFOPLIST_FILE = YES;
				MARKETING_VERSION = 1.0;
				PRODUCT_BUNDLE_IDENTIFIER = com.iControlBellUITests;
				PRODUCT_NAME = "$(TARGET_NAME)";
				SWIFT_EMIT_LOC_STRINGS = NO;
				SWIFT_VERSION = 5.0;
				TARGETED_DEVICE_FAMILY = "1,2";
				TEST_TARGET_NAME = iControlBell;
			};
			name = Debug;
		};
		29ECF77E2E1B3F5B007678F2 /* Release */ = {
			isa = XCBuildConfiguration;
			buildSettings = {
				CODE_SIGN_STYLE = Automatic;
				CURRENT_PROJECT_VERSION = 1;
				DEVELOPMENT_TEAM = J7RK9VBR28;
				GENERATE_INFOPLIST_FILE = YES;
				MARKETING_VERSION = 1.0;
				PRODUCT_BUNDLE_IDENTIFIER = com.iControlBellUITests;
				PRODUCT_NAME = "$(TARGET_NAME)";
				SWIFT_EMIT_LOC_STRINGS = NO;
				SWIFT_VERSION = 5.0;
				TARGETED_DEVICE_FAMILY = "1,2";
				TEST_TARGET_NAME = iControlBell;
			};
			name = Release;
		};
/* End XCBuildConfiguration section */

/* Begin XCConfigurationList section */
		29ECF7502E1B3F5A007678F2 /* Build configuration list for PBXProject "iControlBell" */ = {
			isa = XCConfigurationList;
			buildConfigurations = (
				29ECF7742E1B3F5B007678F2 /* Debug */,
				29ECF7752E1B3F5B007678F2 /* Release */,
			);
			defaultConfigurationIsVisible = 0;
			defaultConfigurationName = Release;
		};
		29ECF7762E1B3F5B007678F2 /* Build configuration list for PBXNativeTarget "iControlBell" */ = {
			isa = XCConfigurationList;
			buildConfigurations = (
				29ECF7772E1B3F5B007678F2 /* Debug */,
				29ECF7782E1B3F5B007678F2 /* Release */,
			);
			defaultConfigurationIsVisible = 0;
			defaultConfigurationName = Release;
		};
		29ECF7792E1B3F5B007678F2 /* Build configuration list for PBXNativeTarget "iControlBellTests" */ = {
			isa = XCConfigurationList;
			buildConfigurations = (
				29ECF77A2E1B3F5B007678F2 /* Debug */,
				29ECF77B2E1B3F5B007678F2 /* Release */,
			);
			defaultConfigurationIsVisible = 0;
			defaultConfigurationName = Release;
		};
		29ECF77C2E1B3F5B007678F2 /* Build configuration list for PBXNativeTarget "iControlBellUITests" */ = {
			isa = XCConfigurationList;
			buildConfigurations = (
				29ECF77D2E1B3F5B007678F2 /* Debug */,
				29ECF77E2E1B3F5B007678F2 /* Release */,
			);
			defaultConfigurationIsVisible = 0;
			defaultConfigurationName = Release;
		};
/* End XCConfigurationList section */
	};
	rootObject = 29ECF74D2E1B3F5A007678F2 /* Project object */;
}
